// !$*UTF8*$!
{
	archiveVersion = 1;
	classes = {
	};
	objectVersion = 77;
	objects = {

/* Begin PBXBuildFile section */
		4CCF718E2D9EEAE100DA528E /* Kingfisher in Frameworks */ = {isa = PBXBuildFile; productRef = 4CCF718D2D9EEAE100DA528E /* Kingfisher */; };
/* End PBXBuildFile section */

/* Begin PBXContainerItemProxy section */
		4CCF70B32D9DDA5600DA528E /* PBXContainerItemProxy */ = {
			isa = PBXContainerItemProxy;
			containerPortal = 4CCF70982D9DDA5400DA528E /* Project object */;
			proxyType = 1;
			remoteGlobalIDString = 4CCF709F2D9DDA5400DA528E;
			remoteInfo = YelpFinder;
		};
		4CCF70BD2D9DDA5600DA528E /* PBXContainerItemProxy */ = {
			isa = PBXContainerItemProxy;
			containerPortal = 4CCF70982D9DDA5400DA528E /* Project object */;
			proxyType = 1;
			remoteGlobalIDString = 4CCF709F2D9DDA5400DA528E;
			remoteInfo = YelpFinder;
		};
/* End PBXContainerItemProxy section */

/* Begin PBXFileReference section */
		4CCF70A02D9DDA5400DA528E /* YelpFinder.app */ = {isa = PBXFileReference; explicitFileType = wrapper.application; includeInIndex = 0; path = YelpFinder.app; sourceTree = BUILT_PRODUCTS_DIR; };
		4CCF70B22D9DDA5600DA528E /* YelpFinderTests.xctest */ = {isa = PBXFileReference; explicitFileType = wrapper.cfbundle; includeInIndex = 0; path = YelpFinderTests.xctest; sourceTree = BUILT_PRODUCTS_DIR; };
		4CCF70BC2D9DDA5600DA528E /* YelpFinderUITests.xctest */ = {isa = PBXFileReference; explicitFileType = wrapper.cfbundle; includeInIndex = 0; path = YelpFinderUITests.xctest; sourceTree = BUILT_PRODUCTS_DIR; };
		4CCF70E82D9DDB9700DA528E /* YelpFinder.xcodeproj */ = {isa = PBXFileReference; lastKnownFileType = "wrapper.pb-project"; path = YelpFinder.xcodeproj; sourceTree = "<group>"; };
/* End PBXFileReference section */

/* Begin PBXFileSystemSynchronizedBuildFileExceptionSet section */
		4CCF71172D9ED28800DA528E /* Exceptions for "YelpFinder" folder in "YelpFinderTests" target */ = {
			isa = PBXFileSystemSynchronizedBuildFileExceptionSet;
			membershipExceptions = (
				Model/AutoCompleteResponse.swift,
				Model/Business.swift,
				Model/BusinessesResponse.swift,
				Services/YelpService.swift,
				Services/YelpServiceProtocol.swift,
				"Util/String+Extension.swift",
			);
			target = 4CCF70B12D9DDA5600DA528E /* YelpFinderTests */;
		};
/* End PBXFileSystemSynchronizedBuildFileExceptionSet section */

/* Begin PBXFileSystemSynchronizedRootGroup section */
		4CCF70A22D9DDA5400DA528E /* YelpFinder */ = {
			isa = PBXFileSystemSynchronizedRootGroup;
			exceptions = (
				4CCF71172D9ED28800DA528E /* Exceptions for "YelpFinder" folder in "YelpFinderTests" target */,
			);
			path = YelpFinder;
			sourceTree = "<group>";
		};
		4CCF70B52D9DDA5600DA528E /* YelpFinderTests */ = {
			isa = PBXFileSystemSynchronizedRootGroup;
			path = YelpFinderTests;
			sourceTree = "<group>";
		};
		4CCF70BF2D9DDA5600DA528E /* YelpFinderUITests */ = {
			isa = PBXFileSystemSynchronizedRootGroup;
			path = YelpFinderUITests;
			sourceTree = "<group>";
		};
/* End PBXFileSystemSynchronizedRootGroup section */

/* Begin PBXFrameworksBuildPhase section */
		4CCF709D2D9DDA5400DA528E /* Frameworks */ = {
			isa = PBXFrameworksBuildPhase;
			buildActionMask = 2147483647;
			files = (
				4CCF718E2D9EEAE100DA528E /* Kingfisher in Frameworks */,
			);
			runOnlyForDeploymentPostprocessing = 0;
		};
		4CCF70AF2D9DDA5600DA528E /* Frameworks */ = {
			isa = PBXFrameworksBuildPhase;
			buildActionMask = 2147483647;
			files = (
			);
			runOnlyForDeploymentPostprocessing = 0;
		};
		4CCF70B92D9DDA5600DA528E /* Frameworks */ = {
			isa = PBXFrameworksBuildPhase;
			buildActionMask = 2147483647;
			files = (
			);
			runOnlyForDeploymentPostprocessing = 0;
		};
/* End PBXFrameworksBuildPhase section */

/* Begin PBXGroup section */
		4CCF70972D9DDA5400DA528E = {
			isa = PBXGroup;
			children = (
				4CCF70A22D9DDA5400DA528E /* YelpFinder */,
				4CCF70B52D9DDA5600DA528E /* YelpFinderTests */,
				4CCF70BF2D9DDA5600DA528E /* YelpFinderUITests */,
				4CCF70A12D9DDA5400DA528E /* Products */,
			);
			sourceTree = "<group>";
		};
		4CCF70A12D9DDA5400DA528E /* Products */ = {
			isa = PBXGroup;
			children = (
				4CCF70A02D9DDA5400DA528E /* YelpFinder.app */,
				4CCF70B22D9DDA5600DA528E /* YelpFinderTests.xctest */,
				4CCF70BC2D9DDA5600DA528E /* YelpFinderUITests.xctest */,
			);
			name = Products;
			sourceTree = "<group>";
		};
		4CCF70EA2D9DDB9700DA528E /* Products */ = {
			isa = PBXGroup;
			name = Products;
			sourceTree = "<group>";
		};
/* End PBXGroup section */

/* Begin PBXNativeTarget section */
		4CCF709F2D9DDA5400DA528E /* YelpFinder */ = {
			isa = PBXNativeTarget;
			buildConfigurationList = 4CCF70C62D9DDA5600DA528E /* Build configuration list for PBXNativeTarget "YelpFinder" */;
			buildPhases = (
				4CCF709C2D9DDA5400DA528E /* Sources */,
				4CCF709D2D9DDA5400DA528E /* Frameworks */,
				4CCF709E2D9DDA5400DA528E /* Resources */,
			);
			buildRules = (
			);
			dependencies = (
			);
			fileSystemSynchronizedGroups = (
				4CCF70A22D9DDA5400DA528E /* YelpFinder */,
			);
			name = YelpFinder;
			packageProductDependencies = (
				4CCF718D2D9EEAE100DA528E /* Kingfisher */,
			);
			productName = YelpFinder;
			productReference = 4CCF70A02D9DDA5400DA528E /* YelpFinder.app */;
			productType = "com.apple.product-type.application";
		};
		4CCF70B12D9DDA5600DA528E /* YelpFinderTests */ = {
			isa = PBXNativeTarget;
			buildConfigurationList = 4CCF70C92D9DDA5600DA528E /* Build configuration list for PBXNativeTarget "YelpFinderTests" */;
			buildPhases = (
				4CCF70AE2D9DDA5600DA528E /* Sources */,
				4CCF70AF2D9DDA5600DA528E /* Frameworks */,
				4CCF70B02D9DDA5600DA528E /* Resources */,
			);
			buildRules = (
			);
			dependencies = (
				4CCF70B42D9DDA5600DA528E /* PBXTargetDependency */,
			);
			fileSystemSynchronizedGroups = (
				4CCF70B52D9DDA5600DA528E /* YelpFinderTests */,
			);
			name = YelpFinderTests;
			packageProductDependencies = (
			);
			productName = YelpFinderTests;
			productReference = 4CCF70B22D9DDA5600DA528E /* YelpFinderTests.xctest */;
			productType = "com.apple.product-type.bundle.unit-test";
		};
		4CCF70BB2D9DDA5600DA528E /* YelpFinderUITests */ = {
			isa = PBXNativeTarget;
			buildConfigurationList = 4CCF70CC2D9DDA5600DA528E /* Build configuration list for PBXNativeTarget "YelpFinderUITests" */;
			buildPhases = (
				4CCF70B82D9DDA5600DA528E /* Sources */,
				4CCF70B92D9DDA5600DA528E /* Frameworks */,
				4CCF70BA2D9DDA5600DA528E /* Resources */,
			);
			buildRules = (
			);
			dependencies = (
				4CCF70BE2D9DDA5600DA528E /* PBXTargetDependency */,
			);
			fileSystemSynchronizedGroups = (
				4CCF70BF2D9DDA5600DA528E /* YelpFinderUITests */,
			);
			name = YelpFinderUITests;
			packageProductDependencies = (
			);
			productName = YelpFinderUITests;
			productReference = 4CCF70BC2D9DDA5600DA528E /* YelpFinderUITests.xctest */;
			productType = "com.apple.product-type.bundle.ui-testing";
		};
/* End PBXNativeTarget section */

/* Begin PBXProject section */
		4CCF70982D9DDA5400DA528E /* Project object */ = {
			isa = PBXProject;
			attributes = {
				BuildIndependentTargetsInParallel = 1;
				LastSwiftUpdateCheck = 1620;
				LastUpgradeCheck = 1620;
				TargetAttributes = {
					4CCF709F2D9DDA5400DA528E = {
						CreatedOnToolsVersion = 16.2;
					};
					4CCF70B12D9DDA5600DA528E = {
						CreatedOnToolsVersion = 16.2;
						TestTargetID = 4CCF709F2D9DDA5400DA528E;
					};
					4CCF70BB2D9DDA5600DA528E = {
						CreatedOnToolsVersion = 16.2;
						TestTargetID = 4CCF709F2D9DDA5400DA528E;
					};
				};
			};
			buildConfigurationList = 4CCF709B2D9DDA5400DA528E /* Build configuration list for PBXProject "YelpFinder" */;
			developmentRegion = en;
			hasScannedForEncodings = 0;
			knownRegions = (
				en,
				Base,
			);
			mainGroup = 4CCF70972D9DDA5400DA528E;
			minimizedProjectReferenceProxies = 1;
			packageReferences = (
				4CCF718C2D9EEAE100DA528E /* XCRemoteSwiftPackageReference "Kingfisher" */,
			);
			preferredProjectObjectVersion = 77;
			productRefGroup = 4CCF70A12D9DDA5400DA528E /* Products */;
			projectDirPath = "";
			projectReferences = (
				{
					ProductGroup = 4CCF70EA2D9DDB9700DA528E /* Products */;
					ProjectRef = 4CCF70E82D9DDB9700DA528E /* YelpFinder.xcodeproj */;
				},
			);
			projectRoot = "";
			targets = (
				4CCF709F2D9DDA5400DA528E /* YelpFinder */,
				4CCF70B12D9DDA5600DA528E /* YelpFinderTests */,
				4CCF70BB2D9DDA5600DA528E /* YelpFinderUITests */,
			);
		};
/* End PBXProject section */

/* Begin PBXResourcesBuildPhase section */
		4CCF709E2D9DDA5400DA528E /* Resources */ = {
			isa = PBXResourcesBuildPhase;
			buildActionMask = 2147483647;
			files = (
			);
			runOnlyForDeploymentPostprocessing = 0;
		};
		4CCF70B02D9DDA5600DA528E /* Resources */ = {
			isa = PBXResourcesBuildPhase;
			buildActionMask = 2147483647;
			files = (
			);
			runOnlyForDeploymentPostprocessing = 0;
		};
		4CCF70BA2D9DDA5600DA528E /* Resources */ = {
			isa = PBXResourcesBuildPhase;
			buildActionMask = 2147483647;
			files = (
			);
			runOnlyForDeploymentPostprocessing = 0;
		};
/* End PBXResourcesBuildPhase section */

/* Begin PBXSourcesBuildPhase section */
		4CCF709C2D9DDA5400DA528E /* Sources */ = {
			isa = PBXSourcesBuildPhase;
			buildActionMask = 2147483647;
			files = (
			);
			runOnlyForDeploymentPostprocessing = 0;
		};
		4CCF70AE2D9DDA5600DA528E /* Sources */ = {
			isa = PBXSourcesBuildPhase;
			buildActionMask = 2147483647;
			files = (
			);
			runOnlyForDeploymentPostprocessing = 0;
		};
		4CCF70B82D9DDA5600DA528E /* Sources */ = {
			isa = PBXSourcesBuildPhase;
			buildActionMask = 2147483647;
			files = (
			);
			runOnlyForDeploymentPostprocessing = 0;
		};
/* End PBXSourcesBuildPhase section */

/* Begin PBXTargetDependency section */
		4CCF70B42D9DDA5600DA528E /* PBXTargetDependency */ = {
			isa = PBXTargetDependency;
			target = 4CCF709F2D9DDA5400DA528E /* YelpFinder */;
			targetProxy = 4CCF70B32D9DDA5600DA528E /* PBXContainerItemProxy */;
		};
		4CCF70BE2D9DDA5600DA528E /* PBXTargetDependency */ = {
			isa = PBXTargetDependency;
			target = 4CCF709F2D9DDA5400DA528E /* YelpFinder */;
			targetProxy = 4CCF70BD2D9DDA5600DA528E /* PBXContainerItemProxy */;
		};
/* End PBXTargetDependency section */

/* Begin XCBuildConfiguration section */
		4CCF70C42D9DDA5600DA528E /* Debug */ = {
			isa = XCBuildConfiguration;
			buildSettings = {
				ALWAYS_SEARCH_USER_PATHS = NO;
				ASSETCATALOG_COMPILER_GENERATE_SWIFT_ASSET_SYMBOL_EXTENSIONS = YES;
				CLANG_ANALYZER_NONNULL = YES;
				CLANG_ANALYZER_NUMBER_OBJECT_CONVERSION = YES_AGGRESSIVE;
				CLANG_CXX_LANGUAGE_STANDARD = "gnu++20";
				CLANG_ENABLE_MODULES = YES;
				CLANG_ENABLE_OBJC_ARC = YES;
				CLANG_ENABLE_OBJC_WEAK = YES;
				CLANG_WARN_BLOCK_CAPTURE_AUTORELEASING = YES;
				CLANG_WARN_BOOL_CONVERSION = YES;
				CLANG_WARN_COMMA = YES;
				CLANG_WARN_CONSTANT_CONVERSION = YES;
				CLANG_WARN_DEPRECATED_OBJC_IMPLEMENTATIONS = YES;
				CLANG_WARN_DIRECT_OBJC_ISA_USAGE = YES_ERROR;
				CLANG_WARN_DOCUMENTATION_COMMENTS = YES;
				CLANG_WARN_EMPTY_BODY = YES;
				CLANG_WARN_ENUM_CONVERSION = YES;
				CLANG_WARN_INFINITE_RECURSION = YES;
				CLANG_WARN_INT_CONVERSION = YES;
				CLANG_WARN_NON_LITERAL_NULL_CONVERSION = YES;
				CLANG_WARN_OBJC_IMPLICIT_RETAIN_SELF = YES;
				CLANG_WARN_OBJC_LITERAL_CONVERSION = YES;
				CLANG_WARN_OBJC_ROOT_CLASS = YES_ERROR;
				CLANG_WARN_QUOTED_INCLUDE_IN_FRAMEWORK_HEADER = YES;
				CLANG_WARN_RANGE_LOOP_ANALYSIS = YES;
				CLANG_WARN_STRICT_PROTOTYPES = YES;
				CLANG_WARN_SUSPICIOUS_MOVE = YES;
				CLANG_WARN_UNGUARDED_AVAILABILITY = YES_AGGRESSIVE;
				CLANG_WARN_UNREACHABLE_CODE = YES;
				CLANG_WARN__DUPLICATE_METHOD_MATCH = YES;
				COPY_PHASE_STRIP = NO;
				DEBUG_INFORMATION_FORMAT = dwarf;
				ENABLE_STRICT_OBJC_MSGSEND = YES;
				ENABLE_TESTABILITY = YES;
				ENABLE_USER_SCRIPT_SANDBOXING = YES;
				GCC_C_LANGUAGE_STANDARD = gnu17;
				GCC_DYNAMIC_NO_PIC = NO;
				GCC_NO_COMMON_BLOCKS = YES;
				GCC_OPTIMIZATION_LEVEL = 0;
				GCC_PREPROCESSOR_DEFINITIONS = (
					"DEBUG=1",
					"$(inherited)",
				);
				GCC_WARN_64_TO_32_BIT_CONVERSION = YES;
				GCC_WARN_ABOUT_RETURN_TYPE = YES_ERROR;
				GCC_WARN_UNDECLARED_SELECTOR = YES;
				GCC_WARN_UNINITIALIZED_AUTOS = YES_AGGRESSIVE;
				GCC_WARN_UNUSED_FUNCTION = YES;
				GCC_WARN_UNUSED_VARIABLE = YES;
				IPHONEOS_DEPLOYMENT_TARGET = 18.2;
				LOCALIZATION_PREFERS_STRING_CATALOGS = YES;
				MTL_ENABLE_DEBUG_INFO = INCLUDE_SOURCE;
				MTL_FAST_MATH = YES;
				ONLY_ACTIVE_ARCH = YES;
				SDKROOT = iphoneos;
				SWIFT_ACTIVE_COMPILATION_CONDITIONS = "DEBUG $(inherited)";
				SWIFT_OPTIMIZATION_LEVEL = "-Onone";
			};
			name = Debug;
		};
		4CCF70C52D9DDA5600DA528E /* Release */ = {
			isa = XCBuildConfiguration;
			buildSettings = {
				ALWAYS_SEARCH_USER_PATHS = NO;
				ASSETCATALOG_COMPILER_GENERATE_SWIFT_ASSET_SYMBOL_EXTENSIONS = YES;
				CLANG_ANALYZER_NONNULL = YES;
				CLANG_ANALYZER_NUMBER_OBJECT_CONVERSION = YES_AGGRESSIVE;
				CLANG_CXX_LANGUAGE_STANDARD = "gnu++20";
				CLANG_ENABLE_MODULES = YES;
				CLANG_ENABLE_OBJC_ARC = YES;
				CLANG_ENABLE_OBJC_WEAK = YES;
				CLANG_WARN_BLOCK_CAPTURE_AUTORELEASING = YES;
				CLANG_WARN_BOOL_CONVERSION = YES;
				CLANG_WARN_COMMA = YES;
				CLANG_WARN_CONSTANT_CONVERSION = YES;
				CLANG_WARN_DEPRECATED_OBJC_IMPLEMENTATIONS = YES;
				CLANG_WARN_DIRECT_OBJC_ISA_USAGE = YES_ERROR;
				CLANG_WARN_DOCUMENTATION_COMMENTS = YES;
				CLANG_WARN_EMPTY_BODY = YES;
				CLANG_WARN_ENUM_CONVERSION = YES;
				CLANG_WARN_INFINITE_RECURSION = YES;
				CLANG_WARN_INT_CONVERSION = YES;
				CLANG_WARN_NON_LITERAL_NULL_CONVERSION = YES;
				CLANG_WARN_OBJC_IMPLICIT_RETAIN_SELF = YES;
				CLANG_WARN_OBJC_LITERAL_CONVERSION = YES;
				CLANG_WARN_OBJC_ROOT_CLASS = YES_ERROR;
				CLANG_WARN_QUOTED_INCLUDE_IN_FRAMEWORK_HEADER = YES;
				CLANG_WARN_RANGE_LOOP_ANALYSIS = YES;
				CLANG_WARN_STRICT_PROTOTYPES = YES;
				CLANG_WARN_SUSPICIOUS_MOVE = YES;
				CLANG_WARN_UNGUARDED_AVAILABILITY = YES_AGGRESSIVE;
				CLANG_WARN_UNREACHABLE_CODE = YES;
				CLANG_WARN__DUPLICATE_METHOD_MATCH = YES;
				COPY_PHASE_STRIP = NO;
				DEBUG_INFORMATION_FORMAT = "dwarf-with-dsym";
				ENABLE_NS_ASSERTIONS = NO;
				ENABLE_STRICT_OBJC_MSGSEND = YES;
				ENABLE_USER_SCRIPT_SANDBOXING = YES;
				GCC_C_LANGUAGE_STANDARD = gnu17;
				GCC_NO_COMMON_BLOCKS = YES;
				GCC_WARN_64_TO_32_BIT_CONVERSION = YES;
				GCC_WARN_ABOUT_RETURN_TYPE = YES_ERROR;
				GCC_WARN_UNDECLARED_SELECTOR = YES;
				GCC_WARN_UNINITIALIZED_AUTOS = YES_AGGRESSIVE;
				GCC_WARN_UNUSED_FUNCTION = YES;
				GCC_WARN_UNUSED_VARIABLE = YES;
				IPHONEOS_DEPLOYMENT_TARGET = 18.2;
				LOCALIZATION_PREFERS_STRING_CATALOGS = YES;
				MTL_ENABLE_DEBUG_INFO = NO;
				MTL_FAST_MATH = YES;
				SDKROOT = iphoneos;
				SWIFT_COMPILATION_MODE = wholemodule;
				VALIDATE_PRODUCT = YES;
			};
			name = Release;
		};
		4CCF70C72D9DDA5600DA528E /* Debug */ = {
			isa = XCBuildConfiguration;
			buildSettings = {
				ASSETCATALOG_COMPILER_APPICON_NAME = AppIcon;
				ASSETCATALOG_COMPILER_GLOBAL_ACCENT_COLOR_NAME = AccentColor;
				CODE_SIGN_STYLE = Automatic;
				CURRENT_PROJECT_VERSION = 1;
				DEVELOPMENT_ASSET_PATHS = "\"YelpFinder/Preview Content\"";
				DEVELOPMENT_TEAM = R76UR2Y2GL;
				ENABLE_PREVIEWS = YES;
				GENERATE_INFOPLIST_FILE = YES;
				INFOPLIST_KEY_UIApplicationSceneManifest_Generation = YES;
				INFOPLIST_KEY_UIApplicationSupportsIndirectInputEvents = YES;
				INFOPLIST_KEY_UILaunchScreen_Generation = YES;
				INFOPLIST_KEY_UISupportedInterfaceOrientations_iPad = "UIInterfaceOrientationPortrait UIInterfaceOrientationPortraitUpsideDown UIInterfaceOrientationLandscapeLeft UIInterfaceOrientationLandscapeRight";
				INFOPLIST_KEY_UISupportedInterfaceOrientations_iPhone = "UIInterfaceOrientationPortrait UIInterfaceOrientationLandscapeLeft UIInterfaceOrientationLandscapeRight";
				LD_RUNPATH_SEARCH_PATHS = (
					"$(inherited)",
					"@executable_path/Frameworks",
				);
				MARKETING_VERSION = 1.0;
				PRODUCT_BUNDLE_IDENTIFIER = com.rixstudio.YelpFinder;
				PRODUCT_NAME = "$(TARGET_NAME)";
				SWIFT_EMIT_LOC_STRINGS = YES;
				SWIFT_VERSION = 5.0;
				TARGETED_DEVICE_FAMILY = "1,2";
			};
			name = Debug;
		};
		4CCF70C82D9DDA5600DA528E /* Release */ = {
			isa = XCBuildConfiguration;
			buildSettings = {
				ASSETCATALOG_COMPILER_APPICON_NAME = AppIcon;
				ASSETCATALOG_COMPILER_GLOBAL_ACCENT_COLOR_NAME = AccentColor;
				CODE_SIGN_STYLE = Automatic;
				CURRENT_PROJECT_VERSION = 1;
				DEVELOPMENT_ASSET_PATHS = "\"YelpFinder/Preview Content\"";
				DEVELOPMENT_TEAM = R76UR2Y2GL;
				ENABLE_PREVIEWS = YES;
				GENERATE_INFOPLIST_FILE = YES;
				INFOPLIST_KEY_UIApplicationSceneManifest_Generation = YES;
				INFOPLIST_KEY_UIApplicationSupportsIndirectInputEvents = YES;
				INFOPLIST_KEY_UILaunchScreen_Generation = YES;
				INFOPLIST_KEY_UISupportedInterfaceOrientations_iPad = "UIInterfaceOrientationPortrait UIInterfaceOrientationPortraitUpsideDown UIInterfaceOrientationLandscapeLeft UIInterfaceOrientationLandscapeRight";
				INFOPLIST_KEY_UISupportedInterfaceOrientations_iPhone = "UIInterfaceOrientationPortrait UIInterfaceOrientationLandscapeLeft UIInterfaceOrientationLandscapeRight";
				LD_RUNPATH_SEARCH_PATHS = (
					"$(inherited)",
					"@executable_path/Frameworks",
				);
				MARKETING_VERSION = 1.0;
				PRODUCT_BUNDLE_IDENTIFIER = com.rixstudio.YelpFinder;
				PRODUCT_NAME = "$(TARGET_NAME)";
				SWIFT_EMIT_LOC_STRINGS = YES;
				SWIFT_VERSION = 5.0;
				TARGETED_DEVICE_FAMILY = "1,2";
			};
			name = Release;
		};
		4CCF70CA2D9DDA5600DA528E /* Debug */ = {
			isa = XCBuildConfiguration;
			buildSettings = {
				BUNDLE_LOADER = "$(TEST_HOST)";
				CODE_SIGN_STYLE = Automatic;
				CURRENT_PROJECT_VERSION = 1;
				DEVELOPMENT_TEAM = R76UR2Y2GL;
				GENERATE_INFOPLIST_FILE = YES;
				IPHONEOS_DEPLOYMENT_TARGET = 18.2;
				MARKETING_VERSION = 1.0;
				PRODUCT_BUNDLE_IDENTIFIER = com.rixstudio.YelpFinderTests;
				PRODUCT_NAME = "$(TARGET_NAME)";
				SWIFT_EMIT_LOC_STRINGS = NO;
				SWIFT_VERSION = 5.0;
				TARGETED_DEVICE_FAMILY = "1,2";
				TEST_HOST = "$(BUILT_PRODUCTS_DIR)/YelpFinder.app/$(BUNDLE_EXECUTABLE_FOLDER_PATH)/YelpFinder";
			};
			name = Debug;
		};
		4CCF70CB2D9DDA5600DA528E /* Release */ = {
			isa = XCBuildConfiguration;
			buildSettings = {
				BUNDLE_LOADER = "$(TEST_HOST)";
				CODE_SIGN_STYLE = Automatic;
				CURRENT_PROJECT_VERSION = 1;
				DEVELOPMENT_TEAM = R76UR2Y2GL;
				GENERATE_INFOPLIST_FILE = YES;
				IPHONEOS_DEPLOYMENT_TARGET = 18.2;
				MARKETING_VERSION = 1.0;
				PRODUCT_BUNDLE_IDENTIFIER = com.rixstudio.YelpFinderTests;
				PRODUCT_NAME = "$(TARGET_NAME)";
				SWIFT_EMIT_LOC_STRINGS = NO;
				SWIFT_VERSION = 5.0;
				TARGETED_DEVICE_FAMILY = "1,2";
				TEST_HOST = "$(BUILT_PRODUCTS_DIR)/YelpFinder.app/$(BUNDLE_EXECUTABLE_FOLDER_PATH)/YelpFinder";
			};
			name = Release;
		};
		4CCF70CD2D9DDA5600DA528E /* Debug */ = {
			isa = XCBuildConfiguration;
			buildSettings = {
				CODE_SIGN_STYLE = Automatic;
				CURRENT_PROJECT_VERSION = 1;
				DEVELOPMENT_TEAM = R76UR2Y2GL;
				GENERATE_INFOPLIST_FILE = YES;
				MARKETING_VERSION = 1.0;
				PRODUCT_BUNDLE_IDENTIFIER = com.rixstudio.YelpFinderUITests;
				PRODUCT_NAME = "$(TARGET_NAME)";
				SWIFT_EMIT_LOC_STRINGS = NO;
				SWIFT_VERSION = 5.0;
				TARGETED_DEVICE_FAMILY = "1,2";
				TEST_TARGET_NAME = YelpFinder;
			};
			name = Debug;
		};
		4CCF70CE2D9DDA5600DA528E /* Release */ = {
			isa = XCBuildConfiguration;
			buildSettings = {
				CODE_SIGN_STYLE = Automatic;
				CURRENT_PROJECT_VERSION = 1;
				DEVELOPMENT_TEAM = R76UR2Y2GL;
				GENERATE_INFOPLIST_FILE = YES;
				MARKETING_VERSION = 1.0;
				PRODUCT_BUNDLE_IDENTIFIER = com.rixstudio.YelpFinderUITests;
				PRODUCT_NAME = "$(TARGET_NAME)";
				SWIFT_EMIT_LOC_STRINGS = NO;
				SWIFT_VERSION = 5.0;
				TARGETED_DEVICE_FAMILY = "1,2";
				TEST_TARGET_NAME = YelpFinder;
			};
			name = Release;
		};
/* End XCBuildConfiguration section */

/* Begin XCConfigurationList section */
		4CCF709B2D9DDA5400DA528E /* Build configuration list for PBXProject "YelpFinder" */ = {
			isa = XCConfigurationList;
			buildConfigurations = (
				4CCF70C42D9DDA5600DA528E /* Debug */,
				4CCF70C52D9DDA5600DA528E /* Release */,
			);
			defaultConfigurationIsVisible = 0;
			defaultConfigurationName = Release;
		};
		4CCF70C62D9DDA5600DA528E /* Build configuration list for PBXNativeTarget "YelpFinder" */ = {
			isa = XCConfigurationList;
			buildConfigurations = (
				4CCF70C72D9DDA5600DA528E /* Debug */,
				4CCF70C82D9DDA5600DA528E /* Release */,
			);
			defaultConfigurationIsVisible = 0;
			defaultConfigurationName = Release;
		};
		4CCF70C92D9DDA5600DA528E /* Build configuration list for PBXNativeTarget "YelpFinderTests" */ = {
			isa = XCConfigurationList;
			buildConfigurations = (
				4CCF70CA2D9DDA5600DA528E /* Debug */,
				4CCF70CB2D9DDA5600DA528E /* Release */,
			);
			defaultConfigurationIsVisible = 0;
			defaultConfigurationName = Release;
		};
		4CCF70CC2D9DDA5600DA528E /* Build configuration list for PBXNativeTarget "YelpFinderUITests" */ = {
			isa = XCConfigurationList;
			buildConfigurations = (
				4CCF70CD2D9DDA5600DA528E /* Debug */,
				4CCF70CE2D9DDA5600DA528E /* Release */,
			);
			defaultConfigurationIsVisible = 0;
			defaultConfigurationName = Release;
		};
/* End XCConfigurationList section */

/* Begin XCRemoteSwiftPackageReference section */
		4CCF718C2D9EEAE100DA528E /* XCRemoteSwiftPackageReference "Kingfisher" */ = {
			isa = XCRemoteSwiftPackageReference;
			repositoryURL = "https://github.com/onevcat/Kingfisher";
			requirement = {
				kind = upToNextMajorVersion;
				minimumVersion = 8.3.1;
			};
		};
/* End XCRemoteSwiftPackageReference section */

/* Begin XCSwiftPackageProductDependency section */
		4CCF718D2D9EEAE100DA528E /* Kingfisher */ = {
			isa = XCSwiftPackageProductDependency;
			package = 4CCF718C2D9EEAE100DA528E /* XCRemoteSwiftPackageReference "Kingfisher" */;
			productName = Kingfisher;
		};
/* End XCSwiftPackageProductDependency section */
	};
	rootObject = 4CCF70982D9DDA5400DA528E /* Project object */;
}
